// !$*UTF8*$!
{
	archiveVersion = 1;
	classes = {
	};
	objectVersion = 46;
	objects = {

/* Begin PBXBuildFile section */
		C1A582B91DA2C67C00843C41 /* AppDelegate.swift in Sources */ = {isa = PBXBuildFile; fileRef = C1A582B81DA2C67C00843C41 /* AppDelegate.swift */; };
		C1A582BB1DA2C67C00843C41 /* CitiesViewController.swift in Sources */ = {isa = PBXBuildFile; fileRef = C1A582BA1DA2C67C00843C41 /* CitiesViewController.swift */; };
		C1A582BE1DA2C67C00843C41 /* Main.storyboard in Resources */ = {isa = PBXBuildFile; fileRef = C1A582BC1DA2C67C00843C41 /* Main.storyboard */; };
		C1A582C01DA2C67C00843C41 /* Assets.xcassets in Resources */ = {isa = PBXBuildFile; fileRef = C1A582BF1DA2C67C00843C41 /* Assets.xcassets */; };
		C1A582CD1DA2C76E00843C41 /* CategoryViewController.swift in Sources */ = {isa = PBXBuildFile; fileRef = C1A582CC1DA2C76E00843C41 /* CategoryViewController.swift */; };
		C1A582CF1DA2C7F800843C41 /* FoodViewController.swift in Sources */ = {isa = PBXBuildFile; fileRef = C1A582CE1DA2C7F800843C41 /* FoodViewController.swift */; };
		C1F42DDD1DAD71E90069C4CF /* 624923_original.jpg in Resources */ = {isa = PBXBuildFile; fileRef = C1F42DDC1DAD71E90069C4CF /* 624923_original.jpg */; };
/* End PBXBuildFile section */

/* Begin PBXFileReference section */
		C1A582B51DA2C67C00843C41 /* DeliveryFromLocals.app */ = {isa = PBXFileReference; explicitFileType = wrapper.application; includeInIndex = 0; path = DeliveryFromLocals.app; sourceTree = BUILT_PRODUCTS_DIR; };
		C1A582B81DA2C67C00843C41 /* AppDelegate.swift */ = {isa = PBXFileReference; lastKnownFileType = sourcecode.swift; path = AppDelegate.swift; sourceTree = "<group>"; };
		C1A582BA1DA2C67C00843C41 /* CitiesViewController.swift */ = {isa = PBXFileReference; lastKnownFileType = sourcecode.swift; path = CitiesViewController.swift; sourceTree = "<group>"; };
		C1A582BD1DA2C67C00843C41 /* Base */ = {isa = PBXFileReference; lastKnownFileType = file.storyboard; name = Base; path = Base.lproj/Main.storyboard; sourceTree = "<group>"; };
		C1A582BF1DA2C67C00843C41 /* Assets.xcassets */ = {isa = PBXFileReference; lastKnownFileType = folder.assetcatalog; path = Assets.xcassets; sourceTree = "<group>"; };
		C1A582CC1DA2C76E00843C41 /* CategoryViewController.swift */ = {isa = PBXFileReference; fileEncoding = 4; lastKnownFileType = sourcecode.swift; path = CategoryViewController.swift; sourceTree = "<group>"; };
		C1A582CE1DA2C7F800843C41 /* FoodViewController.swift */ = {isa = PBXFileReference; fileEncoding = 4; lastKnownFileType = sourcecode.swift; path = FoodViewController.swift; sourceTree = "<group>"; };
		C1F42DDC1DAD71E90069C4CF /* 624923_original.jpg */ = {isa = PBXFileReference; lastKnownFileType = image.jpeg; name = 624923_original.jpg; path = ../../../../../Downloads/624923_original.jpg; sourceTree = "<group>"; };
/* End PBXFileReference section */

/* Begin PBXFrameworksBuildPhase section */
		C1A582B21DA2C67C00843C41 /* Frameworks */ = {
			isa = PBXFrameworksBuildPhase;
			buildActionMask = 2147483647;
			files = (
			);
			runOnlyForDeploymentPostprocessing = 0;
		};
/* End PBXFrameworksBuildPhase section */

/* Begin PBXGroup section */
		C1A582AC1DA2C67B00843C41 = {
			isa = PBXGroup;
			children = (
				C1A582B71DA2C67C00843C41 /* DeliveryFromLocals */,
				C1A582B61DA2C67C00843C41 /* Products */,
			);
			sourceTree = "<group>";
		};
		C1A582B61DA2C67C00843C41 /* Products */ = {
			isa = PBXGroup;
			children = (
				C1A582B51DA2C67C00843C41 /* DeliveryFromLocals.app */,
			);
			name = Products;
			sourceTree = "<group>";
		};
		C1A582B71DA2C67C00843C41 /* DeliveryFromLocals */ = {
			isa = PBXGroup;
			children = (
				C1F42DDC1DAD71E90069C4CF /* 624923_original.jpg */,
				C1A582CB1DA2C6AE00843C41 /* Other Files */,
				C1A582B81DA2C67C00843C41 /* AppDelegate.swift */,
				C1A582BC1DA2C67C00843C41 /* Main.storyboard */,
				C1A582BA1DA2C67C00843C41 /* CitiesViewController.swift */,
				C1A582CE1DA2C7F800843C41 /* FoodViewController.swift */,
				C1A582CC1DA2C76E00843C41 /* CategoryViewController.swift */,
				C1A582BF1DA2C67C00843C41 /* Assets.xcassets */,
			);
			path = DeliveryFromLocals;
			sourceTree = "<group>";
		};
		C1A582CB1DA2C6AE00843C41 /* Other Files */ = {
			isa = PBXGroup;
			children = (
			);
			name = "Other Files";
			sourceTree = "<group>";
		};
/* End PBXGroup section */

/* Begin PBXNativeTarget section */
		C1A582B41DA2C67C00843C41 /* DeliveryFromLocals */ = {
			isa = PBXNativeTarget;
			buildConfigurationList = C1A582C71DA2C67C00843C41 /* Build configuration list for PBXNativeTarget "DeliveryFromLocals" */;
			buildPhases = (
				C1A582B11DA2C67C00843C41 /* Sources */,
				C1A582B21DA2C67C00843C41 /* Frameworks */,
				C1A582B31DA2C67C00843C41 /* Resources */,
			);
			buildRules = (
			);
			dependencies = (
			);
			name = DeliveryFromLocals;
			productName = DeliveryFromLocals;
			productReference = C1A582B51DA2C67C00843C41 /* DeliveryFromLocals.app */;
			productType = "com.apple.product-type.application";
		};
/* End PBXNativeTarget section */

/* Begin PBXProject section */
		C1A582AD1DA2C67B00843C41 /* Project object */ = {
			isa = PBXProject;
			attributes = {
				LastSwiftUpdateCheck = 0800;
				LastUpgradeCheck = 0800;
				ORGANIZATIONNAME = "Max Bachinskiy";
				TargetAttributes = {
					C1A582B41DA2C67C00843C41 = {
						CreatedOnToolsVersion = 8.0;
						ProvisioningStyle = Automatic;
					};
				};
			};
			buildConfigurationList = C1A582B01DA2C67B00843C41 /* Build configuration list for PBXProject "DeliveryFromLocals" */;
			compatibilityVersion = "Xcode 3.2";
			developmentRegion = English;
			hasScannedForEncodings = 0;
			knownRegions = (
				en,
				Base,
			);
			mainGroup = C1A582AC1DA2C67B00843C41;
			productRefGroup = C1A582B61DA2C67C00843C41 /* Products */;
			projectDirPath = "";
			projectRoot = "";
			targets = (
				C1A582B41DA2C67C00843C41 /* DeliveryFromLocals */,
			);
		};
/* End PBXProject section */

/* Begin PBXResourcesBuildPhase section */
		C1A582B31DA2C67C00843C41 /* Resources */ = {
			isa = PBXResourcesBuildPhase;
			buildActionMask = 2147483647;
			files = (
				C1F42DDD1DAD71E90069C4CF /* 624923_original.jpg in Resources */,
				C1A582C01DA2C67C00843C41 /* Assets.xcassets in Resources */,
				C1A582BE1DA2C67C00843C41 /* Main.storyboard in Resources */,
			);
			runOnlyForDeploymentPostprocessing = 0;
		};
/* End PBXResourcesBuildPhase section */

/* Begin PBXSourcesBuildPhase section */
		C1A582B11DA2C67C00843C41 /* Sources */ = {
			isa = PBXSourcesBuildPhase;
			buildActionMask = 2147483647;
			files = (
				C1A582BB1DA2C67C00843C41 /* CitiesViewController.swift in Sources */,
				C1A582CD1DA2C76E00843C41 /* CategoryViewController.swift in Sources */,
				C1A582CF1DA2C7F800843C41 /* FoodViewController.swift in Sources */,
				C1A582B91DA2C67C00843C41 /* AppDelegate.swift in Sources */,
			);
			runOnlyForDeploymentPostprocessing = 0;
		};
/* End PBXSourcesBuildPhase section */

/* Begin PBXVariantGroup section */
		C1A582BC1DA2C67C00843C41 /* Main.storyboard */ = {
			isa = PBXVariantGroup;
			children = (
				C1A582BD1DA2C67C00843C41 /* Base */,
			);
			name = Main.storyboard;
			sourceTree = "<group>";
		};
/* End PBXVariantGroup section */

/* Begin XCBuildConfiguration section */
		C1A582C51DA2C67C00843C41 /* Debug */ = {
			isa = XCBuildConfiguration;
			buildSettings = {
				ALWAYS_SEARCH_USER_PATHS = NO;
				CLANG_ANALYZER_NONNULL = YES;
				CLANG_CXX_LANGUAGE_STANDARD = "gnu++0x";
				CLANG_CXX_LIBRARY = "libc++";
				CLANG_ENABLE_MODULES = YES;
				CLANG_ENABLE_OBJC_ARC = YES;
				CLANG_WARN_BOOL_CONVERSION = YES;
				CLANG_WARN_CONSTANT_CONVERSION = YES;
				CLANG_WARN_DIRECT_OBJC_ISA_USAGE = YES_ERROR;
				CLANG_WARN_DOCUMENTATION_COMMENTS = YES;
				CLANG_WARN_EMPTY_BODY = YES;
				CLANG_WARN_ENUM_CONVERSION = YES;
				CLANG_WARN_INFINITE_RECURSION = YES;
				CLANG_WARN_INT_CONVERSION = YES;
				CLANG_WARN_OBJC_ROOT_CLASS = YES_ERROR;
				CLANG_WARN_SUSPICIOUS_MOVES = YES;
				CLANG_WARN_UNREACHABLE_CODE = YES;
				CLANG_WARN__DUPLICATE_METHOD_MATCH = YES;
				"CODE_SIGN_IDENTITY[sdk=iphoneos*]" = "iPhone Developer";
				COPY_PHASE_STRIP = NO;
				DEBUG_INFORMATION_FORMAT = dwarf;
				ENABLE_STRICT_OBJC_MSGSEND = YES;
				ENABLE_TESTABILITY = YES;
				GCC_C_LANGUAGE_STANDARD = gnu99;
				GCC_DYNAMIC_NO_PIC = NO;
				GCC_NO_COMMON_BLOCKS = YES;
				GCC_OPTIMIZATION_LEVEL = 0;
				GCC_PREPROCESSOR_DEFINITIONS = (
					"DEBUG=1",
					"$(inherited)",
				);
				GCC_WARN_64_TO_32_BIT_CONVERSION = YES;
				GCC_WARN_ABOUT_RETURN_TYPE = YES_ERROR;
				GCC_WARN_UNDECLARED_SELECTOR = YES;
				GCC_WARN_UNINITIALIZED_AUTOS = YES_AGGRESSIVE;
				GCC_WARN_UNUSED_FUNCTION = YES;
				GCC_WARN_UNUSED_VARIABLE = YES;
				IPHONEOS_DEPLOYMENT_TARGET = 10.0;
				MTL_ENABLE_DEBUG_INFO = YES;
				ONLY_ACTIVE_ARCH = YES;
				SDKROOT = iphoneos;
				SWIFT_ACTIVE_COMPILATION_CONDITIONS = DEBUG;
				SWIFT_OPTIMIZATION_LEVEL = "-Onone";
				TARGETED_DEVICE_FAMILY = "1,2";
			};
			name = Debug;
		};
		C1A582C61DA2C67C00843C41 /* Release */ = {
			isa = XCBuildConfiguration;
			buildSettings = {
				ALWAYS_SEARCH_USER_PATHS = NO;
				CLANG_ANALYZER_NONNULL = YES;
				CLANG_CXX_LANGUAGE_STANDARD = "gnu++0x";
				CLANG_CXX_LIBRARY = "libc++";
				CLANG_ENABLE_MODULES = YES;
				CLANG_ENABLE_OBJC_ARC = YES;
				CLANG_WARN_BOOL_CONVERSION = YES;
				CLANG_WARN_CONSTANT_CONVERSION = YES;
				CLANG_WARN_DIRECT_OBJC_ISA_USAGE = YES_ERROR;
				CLANG_WARN_DOCUMENTATION_COMMENTS = YES;
				CLANG_WARN_EMPTY_BODY = YES;
				CLANG_WARN_ENUM_CONVERSION = YES;
				CLANG_WARN_INFINITE_RECURSION = YES;
				CLANG_WARN_INT_CONVERSION = YES;
				CLANG_WARN_OBJC_ROOT_CLASS = YES_ERROR;
				CLANG_WARN_SUSPICIOUS_MOVES = YES;
				CLANG_WARN_UNREACHABLE_CODE = YES;
				CLANG_WARN__DUPLICATE_METHOD_MATCH = YES;
				"CODE_SIGN_IDENTITY[sdk=iphoneos*]" = "iPhone Developer";
				COPY_PHASE_STRIP = NO;
				DEBUG_INFORMATION_FORMAT = "dwarf-with-dsym";
				ENABLE_NS_ASSERTIONS = NO;
				ENABLE_STRICT_OBJC_MSGSEND = YES;
				GCC_C_LANGUAGE_STANDARD = gnu99;
				GCC_NO_COMMON_BLOCKS = YES;
				GCC_WARN_64_TO_32_BIT_CONVERSION = YES;
				GCC_WARN_ABOUT_RETURN_TYPE = YES_ERROR;
				GCC_WARN_UNDECLARED_SELECTOR = YES;
				GCC_WARN_UNINITIALIZED_AUTOS = YES_AGGRESSIVE;
				GCC_WARN_UNUSED_FUNCTION = YES;
				GCC_WARN_UNUSED_VARIABLE = YES;
				IPHONEOS_DEPLOYMENT_TARGET = 10.0;
				MTL_ENABLE_DEBUG_INFO = NO;
				SDKROOT = iphoneos;
				SWIFT_OPTIMIZATION_LEVEL = "-Owholemodule";
				TARGETED_DEVICE_FAMILY = "1,2";
				VALIDATE_PRODUCT = YES;
			};
			name = Release;
		};
		C1A582C81DA2C67C00843C41 /* Debug */ = {
			isa = XCBuildConfiguration;
			buildSettings = {
				ASSETCATALOG_COMPILER_APPICON_NAME = AppIcon;
				INFOPLIST_FILE = DeliveryFromLocals/Info.plist;
				LD_RUNPATH_SEARCH_PATHS = "$(inherited) @executable_path/Frameworks";
				PRODUCT_BUNDLE_IDENTIFIER = ru.maxbach.DeliveryFromLocals;
				PRODUCT_NAME = "$(TARGET_NAME)";
				SWIFT_VERSION = 3.0;
			};
			name = Debug;
		};
		C1A582C91DA2C67C00843C41 /* Release */ = {
			isa = XCBuildConfiguration;
			buildSettings = {
				ASSETCATALOG_COMPILER_APPICON_NAME = AppIcon;
				INFOPLIST_FILE = DeliveryFromLocals/Info.plist;
				LD_RUNPATH_SEARCH_PATHS = "$(inherited) @executable_path/Frameworks";
				PRODUCT_BUNDLE_IDENTIFIER = ru.maxbach.DeliveryFromLocals;
				PRODUCT_NAME = "$(TARGET_NAME)";
				SWIFT_VERSION = 3.0;
			};
			name = Release;
		};
/* End XCBuildConfiguration section */

/* Begin XCConfigurationList section */
		C1A582B01DA2C67B00843C41 /* Build configuration list for PBXProject "DeliveryFromLocals" */ = {
			isa = XCConfigurationList;
			buildConfigurations = (
				C1A582C51DA2C67C00843C41 /* Debug */,
				C1A582C61DA2C67C00843C41 /* Release */,
			);
			defaultConfigurationIsVisible = 0;
			defaultConfigurationName = Release;
		};
		C1A582C71DA2C67C00843C41 /* Build configuration list for PBXNativeTarget "DeliveryFromLocals" */ = {
			isa = XCConfigurationList;
			buildConfigurations = (
				C1A582C81DA2C67C00843C41 /* Debug */,
				C1A582C91DA2C67C00843C41 /* Release */,
			);
			defaultConfigurationIsVisible = 0;
			defaultConfigurationName = Release;
		};
/* End XCConfigurationList section */
	};
	rootObject = C1A582AD1DA2C67B00843C41 /* Project object */;
}
